
Microsoft Visual Studio Solution File, Format Version 12.00
# Visual Studio 15
VisualStudioVersion = 15.0.27428.2011
MinimumVisualStudioVersion = 10.0.40219.1
Project("{9A19103F-16F7-4668-BE54-9A1E7A4F7556}") = "XEFExtract", "XEFExtract.csproj", "{22490C57-A39E-47BC-8C60-922BE7F10E17}"
EndProject
Project("{9A19103F-16F7-4668-BE54-9A1E7A4F7556}") = "KinectXEFTools", "..\..\KinectXEFTools\KinectXEFTools.csproj", "{1E6663EB-F9E2-450D-9822-C180B5B6B593}"
EndProject
Global
	GlobalSection(SolutionConfigurationPlatforms) = preSolution
		Debug|Any CPU = Debug|Any CPU
		Debug|x64 = Debug|x64
		Debug|x86 = Debug|x86
		Release|Any CPU = Release|Any CPU
		Release|x64 = Release|x64
		Release|x86 = Release|x86
	EndGlobalSection
	GlobalSection(ProjectConfigurationPlatforms) = postSolution
		{22490C57-A39E-47BC-8C60-922BE7F10E17}.Debug|Any CPU.ActiveCfg = Debug|Any CPU
		{22490C57-A39E-47BC-8C60-922BE7F10E17}.Debug|Any CPU.Build.0 = Debug|Any CPU
		{22490C57-A39E-47BC-8C60-922BE7F10E17}.Debug|x64.ActiveCfg = Debug|x64
		{22490C57-A39E-47BC-8C60-922BE7F10E17}.Debug|x64.Build.0 = Debug|x64
		{22490C57-A39E-47BC-8C60-922BE7F10E17}.Debug|x86.ActiveCfg = Debug|x86
		{22490C57-A39E-47BC-8C60-922BE7F10E17}.Debug|x86.Build.0 = Debug|x86
		{22490C57-A39E-47BC-8C60-922BE7F10E17}.Release|Any CPU.ActiveCfg = Release|Any CPU
		{22490C57-A39E-47BC-8C60-922BE7F10E17}.Release|Any CPU.Build.0 = Release|Any CPU
		{22490C57-A39E-47BC-8C60-922BE7F10E17}.Release|x64.ActiveCfg = Release|x64
		{22490C57-A39E-47BC-8C60-922BE7F10E17}.Release|x64.Build.0 = Release|x64
		{22490C57-A39E-47BC-8C60-922BE7F10E17}.Release|x86.ActiveCfg = Release|x86
		{22490C57-A39E-47BC-8C60-922BE7F10E17}.Release|x86.Build.0 = Release|x86
		{1E6663EB-F9E2-450D-9822-C180B5B6B593}.Debug|Any CPU.ActiveCfg = Debug|Any CPU
		{1E6663EB-F9E2-450D-9822-C180B5B6B593}.Debug|Any CPU.Build.0 = Debug|Any CPU
		{1E6663EB-F9E2-450D-9822-C180B5B6B593}.Debug|x64.ActiveCfg = Debug|x64
		{1E6663EB-F9E2-450D-9822-C180B5B6B593}.Debug|x64.Build.0 = Debug|x64
		{1E6663EB-F9E2-450D-9822-C180B5B6B593}.Debug|x86.ActiveCfg = Debug|x86
		{1E6663EB-F9E2-450D-9822-C180B5B6B593}.Debug|x86.Build.0 = Debug|x86
		{1E6663EB-F9E2-450D-9822-C180B5B6B593}.Release|Any CPU.ActiveCfg = Release|Any CPU
		{1E6663EB-F9E2-450D-9822-C180B5B6B593}.Release|Any CPU.Build.0 = Release|Any CPU
		{1E6663EB-F9E2-450D-9822-C180B5B6B593}.Release|x64.ActiveCfg = Release|x64
		{1E6663EB-F9E2-450D-9822-C180B5B6B593}.Release|x64.Build.0 = Release|x64
		{1E6663EB-F9E2-450D-9822-C180B5B6B593}.Release|x86.ActiveCfg = Release|x86
		{1E6663EB-F9E2-450D-9822-C180B5B6B593}.Release|x86.Build.0 = Release|x86
	EndGlobalSection
	GlobalSection(SolutionProperties) = preSolution
		HideSolutionNode = FALSE
	EndGlobalSection
	GlobalSection(ExtensibilityGlobals) = postSolution
		SolutionGuid = {B657EABC-3F4D-40AD-A9D5-C2BFFEF9ABE6}
	EndGlobalSection
EndGlobal
